lockfileVersion: '9.0'

settings:
  autoInstallPeers: true
  excludeLinksFromLockfile: false

importers:

  .:
    devDependencies:
      prettier:
        specifier: ^3.4.2
        version: 3.8.3
      turbo:
        specifier: ^2.3.3
        version: 2.9.14

  packages/automator-engine:
    dependencies:
      json-rules-engine:
        specifier: ^4.0.0
        version: 4.1.0
    devDependencies:
      '@types/node':
        specifier: ^20
        version: 20.19.41
      typescript:
        specifier: ^5
        version: 5.9.3

  packages/core:
    devDependencies:
      '@types/node':
        specifier: ^20
        version: 20.19.41
      typescript:
        specifier: ^5
        version: 5.9.3

  packages/email-engine:
    dependencies:
      nodemailer:
        specifier: ^6.9.0
        version: 6.10.1
    devDependencies:
      '@types/node':
        specifier: ^20
        version: 20.19.41
      '@types/nodemailer':
        specifier: ^6.4.0
        version: 6.4.23
      typescript:
        specifier: ^5
        version: 5.9.3

  packages/reporting:
    devDependencies:
      '@types/node':
        specifier: ^20
        version: 20.19.41
      typescript:
        specifier: ^5
        version: 5.9.3

  packages/ui:
    dependencies:
      class-variance-authority:
        specifier: ^0.7.1
        version: 0.7.1
      clsx:
        specifier: ^2.1.1
        version: 2.1.1
      lucide-react:
        specifier: ^1.16.0
        version: 1.16.0(react@19.2.6)
      react:
        specifier: ^19.2.4
        version: 19.2.6
      react-dom:
        specifier: ^19.2.4
        version: 19.2.6(react@19.2.6)
      tailwind-merge:
        specifier: ^3.6.0
        version: 3.6.0
    devDependencies:
      '@types/react':
        specifier: ^19
        version: 19.2.15
      '@types/react-dom':
        specifier: ^19
        version: 19.2.3(@types/react@19.2.15)
      typescript:
        specifier: ^5
        version: 5.9.3

  packages/utils:
    devDependencies:
      '@types/node':
        specifier: ^20
        version: 20.19.41
      typescript:
        specifier: ^5
        version: 5.9.3

packages:

  '@turbo/darwin-64@2.9.14':
    resolution: {integrity: sha512-t7QiPflaEyBE4oayeZtSmu4mEfjgIrcNlNNl1z1dmIVPqEdtA7+CfTf8d7KXsOGPh6aNgWjKxyvQg9uGfDQF+A==}
    cpu: [x64]
    os: [darwin]

  '@turbo/darwin-arm64@2.9.14':
    resolution: {integrity: sha512-d23147mC9BsCPA9mJ0h/ubcpbRgcJBXbcG3+Vq7YLhjz3IXuvQsJ1UXH8f4MD76ZjJ4m/E4aRdJV+MW88CDfbw==}
    cpu: [arm64]
    os: [darwin]

  '@turbo/linux-64@2.9.14':
    resolution: {integrity: sha512-P3ZKB5tuUDdDQWuAsACGUR1qv9W7BNWxdxqVJ0kZNuNNPRaVYTPPikLcp79+GiEcW3npsR+KyP38lnQiBc5aSA==}
    cpu: [x64]
    os: [linux]

  '@turbo/linux-arm64@2.9.14':
    resolution: {integrity: sha512-ZRTlzcUMrrPv9ZuDzRF9n60Ym13bKeG9jDB8WjxyLhWNzV+AJQN+zdpIk3NJYf2zQsGUm1mNar2P0elRzLw25g==}
    cpu: [arm64]
    os: [linux]

  '@turbo/windows-64@2.9.14':
    resolution: {integrity: sha512-exanwN6sIduZwykYeiTQj8kCmOhazP5WOz3bvXMcYtjhL6Z3iRWLewKrXCBq0bqwSP3iBMb/AerRCnHI4lx46A==}
    cpu: [x64]
    os: [win32]

  '@turbo/windows-arm64@2.9.14':
    resolution: {integrity: sha512-fVdCsnmYoKICsycbWuuGp6Jvi51/3G/UluFWuAUCvR8PIW5IJkAk5BM9UF8PSm0Q2IphWHFZjYEgjHsh3B9y/g==}
    cpu: [arm64]
    os: [win32]

  '@types/node@20.19.41':
    resolution: {integrity: sha512-ECymXOukMnOoVkC2bb1Vc/w/836DXncOg5m8Xj1RH7xSHZJWNYY6Zh7EH477vcnD5egKNNfy2RpNOmuChhFPgQ==}

  '@types/nodemailer@6.4.23':
    resolution: {integrity: sha512-aFV3/NsYFLSx9mbb5gtirBSXJnAlrusoKNuPbxsASWc7vrKLmIrTQRpdcxNcSFL3VW2A2XpeLEavwb2qMi6nlQ==}

  '@types/react-dom@19.2.3':
    resolution: {integrity: sha512-jp2L/eY6fn+KgVVQAOqYItbF0VY/YApe5Mz2F0aykSO8gx31bYCZyvSeYxCHKvzHG5eZjc+zyaS5BrBWya2+kQ==}
    peerDependencies:
      '@types/react': ^19.2.0

  '@types/react@19.2.15':
    resolution: {integrity: sha512-eRwcGNHve+E8qtEQSSRl6urh+rFop4v8gm6O8rGv25CodbvFdLjA1vVQ1KkiFE0w0UPOnb8tDiFKL5lp0rtY5Q==}

  brackets2dots@1.1.0:
    resolution: {integrity: sha512-DEIJz+ebFQ2SYPpXd8owCjy+8H+9N2Pd9DeSf0J33oavLyBYpAtjLg/Z/RmdJdTeHmKVva+L411HjnvyV2rSOA==}

  class-variance-authority@0.7.1:
    resolution: {integrity: sha512-Ka+9Trutv7G8M6WT6SeiRWz792K5qEqIGEGzXKhAE6xOWAY6pPH8U+9IY3oCMv6kqTmLsv7Xh/2w2RigkePMsg==}

  clone@2.1.2:
    resolution: {integrity: sha512-3Pe/CF1Nn94hyhIYpjtiLhdCoEoz0DqQ+988E9gmeEdQZlojxnOb74wctFyuwWQHzqyf9X7C7MG8juUpqBJT8w==}
    engines: {node: '>=0.8'}

  clsx@2.1.1:
    resolution: {integrity: sha512-eYm0QWBtUrBWZWG0d386OGAw16Z995PiOVo2B7bjWSbHedGl5e0ZWaq65kOGgUSNesEIDkB9ISbTg/JK9dhCZA==}
    engines: {node: '>=6'}

  csstype@3.2.3:
    resolution: {integrity: sha512-z1HGKcYy2xA8AGQfwrn0PAy+PB7X/GSj3UVJW9qKyn43xWa+gl5nXmU4qqLMRzWVLFC8KusUX8T/0kCiOYpAIQ==}

  curriable@1.3.0:
    resolution: {integrity: sha512-7kfjDPRSF+pguU0TlfSFBMCd8XlmF29ZAiXcq/zaN4LhZvWdvV0Y72AvaWFqInXZG9Yg1kA1UMkpE9lFBKMpQA==}

  curry2@1.0.3:
    resolution: {integrity: sha512-2vXqPLsITt0ccyczu1BFl3tc8Q6BOCsTHt+NZYasd8wp60RQIYhGM3Beis5h5FgJPT11M1rfiKOR7dPL6cL14Q==}

  dotsplit.js@1.1.0:
    resolution: {integrity: sha512-oFVx9VEE+M3yM4oUkaiDa+U2RhOmjXWyXwtfdc5UiHDSZWleE96FS3nx3yXMVuhLJOdI2GMThvaegkwRYPgAFQ==}

  events@3.3.0:
    resolution: {integrity: sha512-mQw+2fkQbALzQ7V0MY0IqdnXNOeTtP4r0lN9z7AAawCXgqea7bDii20AYrIBrFd/Hx0M2Ocz6S111CaFkUcb0Q==}
    engines: {node: '>=0.8.x'}

  fast-bind@1.0.0:
    resolution: {integrity: sha512-kna1xVU4nn4HW4RVwh6VYSWoii+u8EkWKS3I6YZluncEvtQwahHKhZTRPFHOOkeJK4m0/Tz2Ir9n10tARqeiXw==}

  hash-it@4.1.0:
    resolution: {integrity: sha512-YUXBmvWycqr0qVb7RhNyJ2ItiPNaD5iKZ9moDaxduyfT8I9d79F9Zf8Ts2RAG7g6NPwD8351dSqxsD07tznSmQ==}

  json-rules-engine@4.1.0:
    resolution: {integrity: sha512-L1wswOKPTw8q318OyVne4Tk2RX0LZSdY7oELEq5Rq2ventYjBge/fNgxzvNbbj3lgeGC43ZlPhHL7M/dj6yBfg==}

  lodash.isobjectlike@4.0.0:
    resolution: {integrity: sha512-bbRt0Dief0yqjkTgpvzisSxnsmY3ZgVJvokHL30UE+ytsvnpNfiNaCJL4XBEWek8koQmrwZidBHb7coXC5vXlA==}

  lucide-react@1.16.0:
    resolution: {integrity: sha512-dYwyPzb4MEKpGUmNYk3WKWPnMrHs3FKM+q94kAnJrcDIqqn1hq2xY8scaS2ovsOCM5D51ey2gaRG3PBb1vgoYQ==}
    peerDependencies:
      react: ^16.5.1 || ^17.0.0 || ^18.0.0 || ^19.0.0

  nodemailer@6.10.1:
    resolution: {integrity: sha512-Z+iLaBGVaSjbIzQ4pX6XV41HrooLsQ10ZWPUehGmuantvzWoDVBnmsdUcOIDM1t+yPor5pDhVlDESgOMEGxhHA==}
    engines: {node: '>=6.0.0'}

  prettier@3.8.3:
    resolution: {integrity: sha512-7igPTM53cGHMW8xWuVTydi2KO233VFiTNyF5hLJqpilHfmn8C8gPf+PS7dUT64YcXFbiMGZxS9pCSxL/Dxm/Jw==}
    engines: {node: '>=14'}
    hasBin: true

  react-dom@19.2.6:
    resolution: {integrity: sha512-0prMI+hvBbPjsWnxDLxlCGyM8PN6UuWjEUCYmZhO67xIV9Xasa/r/vDnq+Xyq4Lo27g8QSbO5YzARu0D1Sps3g==}
    peerDependencies:
      react: ^19.2.6

  react@19.2.6:
    resolution: {integrity: sha512-sfWGGfavi0xr8Pg0sVsyHMAOziVYKgPLNrS7ig+ivMNb3wbCBw3KxtflsGBAwD3gYQlE/AEZsTLgToRrSCjb0Q==}
    engines: {node: '>=0.10.0'}

  scheduler@0.27.0:
    resolution: {integrity: sha512-eNv+WrVbKu1f3vbYJT/xtiF5syA5HPIMtf9IgY/nKg0sWqzAUEvqY/xm7OcZc/qafLx/iO9FgOmeSAp4v5ti/Q==}

  selectn@1.3.0:
    resolution: {integrity: sha512-mid0kbUHd1kZ2hMYIMTqPMJ4xpLiaGnpXqkiMuwSBH9GiS0jkE8wGjlMG9D6ICZ4Nj8iln75wn3oCZQf9Gudpw==}

  tailwind-merge@3.6.0:
    resolution: {integrity: sha512-uxL7qAVQriqRQPAyK3pj66VqskWqoZ37PW94jwOTwNfq/z9oyu1V+eqrZqtR2+fCiXdYOZe/Modt8GtvqNzu+w==}

  turbo@2.9.14:
    resolution: {integrity: sha512-BQqXRr4UoWI3UPFrtznCLykYHxwxWh53iCB57x092jPMjIlW1wnm3N895g5irpiXmnxUhREBB0n6+y8BHhs4nw==}
    hasBin: true

  typescript@5.9.3:
    resolution: {integrity: sha512-jl1vZzPDinLr9eUt3J/t7V6FgNEw9QjvBPdysz9KfQDD41fQrC2Y4vKQdiaUpFT4bXlb1RHhLpp8wtm6M5TgSw==}
    engines: {node: '>=14.17'}
    hasBin: true

  undici-types@6.21.0:
    resolution: {integrity: sha512-iwDZqg0QAGrg9Rav5H4n0M64c3mkR59cJ6wQp+7C4nI0gsmExaedaYLNO44eT4AtBBwjbTiGPMlt2Md0T9H9JQ==}

snapshots:

  '@turbo/darwin-64@2.9.14':
    optional: true

  '@turbo/darwin-arm64@2.9.14':
    optional: true

  '@turbo/linux-64@2.9.14':
    optional: true

  '@turbo/linux-arm64@2.9.14':
    optional: true

  '@turbo/windows-64@2.9.14':
    optional: true

  '@turbo/windows-arm64@2.9.14':
    optional: true

  '@types/node@20.19.41':
    dependencies:
      undici-types: 6.21.0

  '@types/nodemailer@6.4.23':
    dependencies:
      '@types/node': 20.19.41

  '@types/react-dom@19.2.3(@types/react@19.2.15)':
    dependencies:
      '@types/react': 19.2.15

  '@types/react@19.2.15':
    dependencies:
      csstype: 3.2.3

  brackets2dots@1.1.0: {}

  class-variance-authority@0.7.1:
    dependencies:
      clsx: 2.1.1

  clone@2.1.2: {}

  clsx@2.1.1: {}

  csstype@3.2.3: {}

  curriable@1.3.0: {}

  curry2@1.0.3:
    dependencies:
      fast-bind: 1.0.0

  dotsplit.js@1.1.0: {}

  events@3.3.0: {}

  fast-bind@1.0.0: {}

  hash-it@4.1.0:
    dependencies:
      curriable: 1.3.0

  json-rules-engine@4.1.0:
    dependencies:
      clone: 2.1.2
      events: 3.3.0
      hash-it: 4.1.0
      lodash.isobjectlike: 4.0.0
      selectn: 1.3.0

  lodash.isobjectlike@4.0.0: {}

  lucide-react@1.16.0(react@19.2.6):
    dependencies:
      react: 19.2.6

  nodemailer@6.10.1: {}

  prettier@3.8.3: {}

  react-dom@19.2.6(react@19.2.6):
    dependencies:
      react: 19.2.6
      scheduler: 0.27.0

  react@19.2.6: {}

  scheduler@0.27.0: {}

  selectn@1.3.0:
    dependencies:
      brackets2dots: 1.1.0
      curry2: 1.0.3
      dotsplit.js: 1.1.0

  tailwind-merge@3.6.0: {}

  turbo@2.9.14:
    optionalDependencies:
      '@turbo/darwin-64': 2.9.14
      '@turbo/darwin-arm64': 2.9.14
      '@turbo/linux-64': 2.9.14
      '@turbo/linux-arm64': 2.9.14
      '@turbo/windows-64': 2.9.14
      '@turbo/windows-arm64': 2.9.14

  typescript@5.9.3: {}

  undici-types@6.21.0: {}
